<?xml version="1.0" encoding="utf-8"?>
<Project ToolsVersion="4.0" xmlns="http://schemas.microsoft.com/developer/msbuild/2003">
  <ItemGroup>
    <Filter Include="Precompiled Code">
      <UniqueIdentifier>{90838b63-ee84-4194-a0c8-a550ff2b8a78}</UniqueIdentifier>
    </Filter>
    <Filter Include="Custom">
      <UniqueIdentifier>{3d02427d-5445-4360-a226-4e27f3ccdaeb}</UniqueIdentifier>
    </Filter>
    <Filter Include="Custom\Bullet">
      <UniqueIdentifier>{6ffb75d9-090d-4c92-8ed9-5c5ec45f4260}</UniqueIdentifier>
    </Filter>
    <Filter Include="Custom\GameScene">
      <UniqueIdentifier>{f57ebeca-df74-445e-b76a-d3c1b9cf9266}</UniqueIdentifier>
    </Filter>
    <Filter Include="Custom\Player">
      <UniqueIdentifier>{dd368c8e-5cf5-41b4-9572-fd5a9718ca16}</UniqueIdentifier>
    </Filter>
    <Filter Include="Custom\Item">
      <UniqueIdentifier>{45092f40-e696-41a2-843b-9916704deb57}</UniqueIdentifier>
    </Filter>
    <Filter Include="Custom\Switch">
      <UniqueIdentifier>{5a573b79-f0e8-496b-9a2b-ee240d949d84}</UniqueIdentifier>
    </Filter>
    <Filter Include="Custom\Box">
      <UniqueIdentifier>{83923283-e6d4-45a0-a5e6-7788cb2edd26}</UniqueIdentifier>
    </Filter>
    <Filter Include="Custom\Door">
      <UniqueIdentifier>{546229a9-a28f-4d5f-878d-ba5f70194311}</UniqueIdentifier>
    </Filter>
    <Filter Include="Custom\InterSect">
      <UniqueIdentifier>{82190288-d2ce-4e24-a2ce-f70db5c3aedd}</UniqueIdentifier>
    </Filter>
  </ItemGroup>
  <ItemGroup>
    <ClInclude Include="..\..\ZeroEngine\ZeroEngine\stdafx.h">
      <Filter>Precompiled Code</Filter>
    </ClInclude>
    <ClInclude Include="Bullet.h">
      <Filter>Custom\Bullet</Filter>
    </ClInclude>
    <ClInclude Include="GameScene.h">
      <Filter>Custom\GameScene</Filter>
    </ClInclude>
    <ClInclude Include="Item.h">
      <Filter>Custom\Item</Filter>
    </ClInclude>
    <ClInclude Include="Player.h">
      <Filter>Custom\Player</Filter>
    </ClInclude>
    <ClInclude Include="Switch.h">
      <Filter>Custom\Switch</Filter>
    </ClInclude>
    <ClInclude Include="헤더.h">
      <Filter>Precompiled Code</Filter>
    </ClInclude>
    <ClInclude Include="Box.h" />
    <ClInclude Include="Intersect.h">
      <Filter>Custom\InterSect</Filter>
    </ClInclude>
  </ItemGroup>
  <ItemGroup>
    <ClCompile Include="stdafx.cpp">
      <Filter>Precompiled Code</Filter>
    </ClCompile>
    <ClCompile Include="WinMain2.cpp">
      <Filter>Custom</Filter>
    </ClCompile>
    <ClCompile Include="Bullet.cpp">
      <Filter>Custom\Bullet</Filter>
    </ClCompile>
    <ClCompile Include="Item.cpp">
      <Filter>Custom\Item</Filter>
    </ClCompile>
    <ClCompile Include="Player.cpp">
      <Filter>Custom\Player</Filter>
    </ClCompile>
    <ClCompile Include="GameScene.cpp">
      <Filter>Custom\GameScene</Filter>
    </ClCompile>
    <ClCompile Include="Switch.cpp">
      <Filter>Custom\Switch</Filter>
    </ClCompile>
    <ClCompile Include="Box.cpp" />
    <ClCompile Include="Intersect.cpp">
      <Filter>Custom\InterSect</Filter>
    </ClCompile>
  </ItemGroup>
</Project>