<?xml version="1.0" encoding="utf-8"?>
<Project ToolsVersion="4.0" xmlns="http://schemas.microsoft.com/developer/msbuild/2003">
  <ItemGroup>
    <Filter Include="Precompiled Code">
      <UniqueIdentifier>{90838b63-ee84-4194-a0c8-a550ff2b8a78}</UniqueIdentifier>
    </Filter>
    <Filter Include="Custom">
      <UniqueIdentifier>{3d02427d-5445-4360-a226-4e27f3ccdaeb}</UniqueIdentifier>
    </Filter>
    <Filter Include="Custom\Bullet">
      <UniqueIdentifier>{6ffb75d9-090d-4c92-8ed9-5c5ec45f4260}</UniqueIdentifier>
    </Filter>
    <Filter Include="Custom\Player">
      <UniqueIdentifier>{dd368c8e-5cf5-41b4-9572-fd5a9718ca16}</UniqueIdentifier>
    </Filter>
    <Filter Include="Custom\Item">
      <UniqueIdentifier>{45092f40-e696-41a2-843b-9916704deb57}</UniqueIdentifier>
    </Filter>
    <Filter Include="Custom\Switch">
      <UniqueIdentifier>{5a573b79-f0e8-496b-9a2b-ee240d949d84}</UniqueIdentifier>
    </Filter>
    <Filter Include="Custom\Box">
      <UniqueIdentifier>{83923283-e6d4-45a0-a5e6-7788cb2edd26}</UniqueIdentifier>
    </Filter>
    <Filter Include="Custom\Door">
      <UniqueIdentifier>{546229a9-a28f-4d5f-878d-ba5f70194311}</UniqueIdentifier>
    </Filter>
    <Filter Include="Custom\Tile">
      <UniqueIdentifier>{e2cae2c9-2f73-4fde-9c83-a072bdfd1570}</UniqueIdentifier>
    </Filter>
    <Filter Include="Custom\Monster">
      <UniqueIdentifier>{98a41dfc-069c-4865-9e02-12963ed3d73e}</UniqueIdentifier>
    </Filter>
    <Filter Include="Custom\Bear">
      <UniqueIdentifier>{f6ea9ff2-7a83-42a5-b9a6-9c4105d21070}</UniqueIdentifier>
    </Filter>
    <Filter Include="Custom\MapMaker">
      <UniqueIdentifier>{6a79e202-7823-4afe-9dbc-ab08407b2a02}</UniqueIdentifier>
    </Filter>
    <Filter Include="Custom\Ladder">
      <UniqueIdentifier>{bf63b145-274d-4872-a98f-2951b862ed77}</UniqueIdentifier>
    </Filter>
    <Filter Include="BlankScene">
      <UniqueIdentifier>{deda2430-f779-488c-90a7-4a5a752b6f64}</UniqueIdentifier>
    </Filter>
    <Filter Include="Custom\Intersect">
      <UniqueIdentifier>{6aa1939d-c274-46a2-a918-c1209ccef255}</UniqueIdentifier>
    </Filter>
    <Filter Include="Scene">
      <UniqueIdentifier>{7ead464b-0609-4980-bce8-c4f1ffe799a7}</UniqueIdentifier>
    </Filter>
    <Filter Include="Scene\GameScene">
      <UniqueIdentifier>{f57ebeca-df74-445e-b76a-d3c1b9cf9266}</UniqueIdentifier>
    </Filter>
    <Filter Include="리소스">
      <UniqueIdentifier>{7382fe26-713e-4810-94e4-e14924261ebf}</UniqueIdentifier>
    </Filter>
    <Filter Include="Scene\MainScene">
      <UniqueIdentifier>{594fdf28-fb7e-49dd-9af2-25786fd86575}</UniqueIdentifier>
    </Filter>
    <Filter Include="Scene\GameScene\StartScene">
      <UniqueIdentifier>{a39b1b4a-03b2-45f4-b58b-8238d2ade640}</UniqueIdentifier>
    </Filter>
    <Filter Include="Scene\GameScene\1-1">
      <UniqueIdentifier>{8206b54a-d6d7-4536-9dbf-febc5340de7d}</UniqueIdentifier>
    </Filter>
    <Filter Include="Scene\GameScene\1-2">
      <UniqueIdentifier>{ebf378c7-1577-4e02-81c2-899da8d4cd90}</UniqueIdentifier>
    </Filter>
    <Filter Include="Scene\GameScene\1-3">
      <UniqueIdentifier>{380b42f3-d362-41f1-9506-ff88874cbaac}</UniqueIdentifier>
    </Filter>
  </ItemGroup>
  <ItemGroup>
    <ClInclude Include="..\..\ZeroEngine\ZeroEngine\stdafx.h">
      <Filter>Precompiled Code</Filter>
    </ClInclude>
    <ClInclude Include="Bullet.h">
      <Filter>Custom\Bullet</Filter>
    </ClInclude>
    <ClInclude Include="GameScene.h">
      <Filter>Scene\GameScene</Filter>
    </ClInclude>
    <ClInclude Include="Item.h">
      <Filter>Custom\Item</Filter>
    </ClInclude>
    <ClInclude Include="Player.h">
      <Filter>Custom\Player</Filter>
    </ClInclude>
    <ClInclude Include="Switch.h">
      <Filter>Custom\Switch</Filter>
    </ClInclude>
    <ClInclude Include="헤더.h">
      <Filter>Precompiled Code</Filter>
    </ClInclude>
    <ClInclude Include="Box.h">
      <Filter>Custom\Box</Filter>
    </ClInclude>
    <ClInclude Include="Door.h">
      <Filter>Custom\Door</Filter>
    </ClInclude>
    <ClInclude Include="Monster.h">
      <Filter>Custom\Monster</Filter>
    </ClInclude>
    <ClInclude Include="Ladder.h">
      <Filter>Custom\Ladder</Filter>
    </ClInclude>
    <ClInclude Include="BlankScene.h">
      <Filter>BlankScene</Filter>
    </ClInclude>
    <ClInclude Include="BlankSceneExit.h">
      <Filter>BlankScene</Filter>
    </ClInclude>
    <ClInclude Include="MapMaker.h">
      <Filter>Custom\MapMaker</Filter>
    </ClInclude>
    <ClInclude Include="Tile.h">
      <Filter>Custom\Tile</Filter>
    </ClInclude>
    <ClInclude Include="Intersect.h">
      <Filter>Custom\Intersect</Filter>
    </ClInclude>
    <ClInclude Include="resource.h">
      <Filter>리소스</Filter>
    </ClInclude>
    <ClInclude Include="Bear.h">
      <Filter>Custom\Bear</Filter>
    </ClInclude>
  </ItemGroup>
  <ItemGroup>
    <ClCompile Include="stdafx.cpp">
      <Filter>Precompiled Code</Filter>
    </ClCompile>
    <ClCompile Include="Bullet.cpp">
      <Filter>Custom\Bullet</Filter>
    </ClCompile>
    <ClCompile Include="Item.cpp">
      <Filter>Custom\Item</Filter>
    </ClCompile>
    <ClCompile Include="Player.cpp">
      <Filter>Custom\Player</Filter>
    </ClCompile>
    <ClCompile Include="GameScene.cpp">
      <Filter>Scene\GameScene</Filter>
    </ClCompile>
    <ClCompile Include="Switch.cpp">
      <Filter>Custom\Switch</Filter>
    </ClCompile>
    <ClCompile Include="Box.cpp">
      <Filter>Custom\Box</Filter>
    </ClCompile>
    <ClCompile Include="Door.cpp">
      <Filter>Custom\Door</Filter>
    </ClCompile>
    <ClCompile Include="Monster.cpp">
      <Filter>Custom\Monster</Filter>
    </ClCompile>
    <ClCompile Include="Ladder.cpp">
      <Filter>Custom\Ladder</Filter>
    </ClCompile>
    <ClCompile Include="BlankSceneExit.cpp">
      <Filter>BlankScene</Filter>
    </ClCompile>
    <ClCompile Include="MapMaker.cpp">
      <Filter>Custom\MapMaker</Filter>
    </ClCompile>
    <ClCompile Include="Tile.cpp">
      <Filter>Custom\Tile</Filter>
    </ClCompile>
    <ClCompile Include="Intersect.cpp">
      <Filter>Custom\Intersect</Filter>
    </ClCompile>
    <ClCompile Include="WinMain2.cpp" />
    <ClCompile Include="Bear.cpp">
      <Filter>Custom\Bear</Filter>
    </ClCompile>
  </ItemGroup>
  <ItemGroup>
    <ResourceCompile Include="ZeroEngine-Example.rc" />
  </ItemGroup>
  <ItemGroup>
    <Image Include="Texture\icon.ico" />
  </ItemGroup>
</Project>